
Microsoft Visual Studio Solution File, Format Version 12.00
# Visual Studio Version 16
VisualStudioVersion = 16.0.31624.102
MinimumVisualStudioVersion = 10.0.40219.1
Project("{FAE04EC0-301F-11D3-BF4B-00C04F79EFBC}") = "EnemyCSharp", "EnemyCSharp\EnemyCSharp.csproj", "{BDDD5831-C1B4-4255-BC45-CB18524236BA}"
EndProject
Global
	GlobalSection(SolutionConfigurationPlatforms) = preSolution
		Debug|Any CPU = Debug|Any CPU
		Release|Any CPU = Release|Any CPU
	EndGlobalSection
	GlobalSection(ProjectConfigurationPlatforms) = postSolution
		{BDDD5831-C1B4-4255-BC45-CB18524236BA}.Debug|Any CPU.ActiveCfg = Debug|Any CPU
		{BDDD5831-C1B4-4255-BC45-CB18524236BA}.Debug|Any CPU.Build.0 = Debug|Any CPU
		{BDDD5831-C1B4-4255-BC45-CB18524236BA}.Release|Any CPU.ActiveCfg = Release|Any CPU
		{BDDD5831-C1B4-4255-BC45-CB18524236BA}.Release|Any CPU.Build.0 = Release|Any CPU
	EndGlobalSection
	GlobalSection(SolutionProperties) = preSolution
		HideSolutionNode = FALSE
	EndGlobalSection
	GlobalSection(ExtensibilityGlobals) = postSolution
		SolutionGuid = {FE40891E-D91D-4210-8658-D4977B20F75D}
	EndGlobalSection
EndGlobal
